// !$*UTF8*$!
{
	archiveVersion = 1;
	classes = {
	};
	objectVersion = 56;
	objects = {

/* Begin PBXBuildFile section */
		E52D4C8029C85E54008BF53F /* FaceDetectionView.swift in Sources */ = {isa = PBXBuildFile; fileRef = E52D4C7F29C85E54008BF53F /* FaceDetectionView.swift */; };
		E5A05FEF2A0B7DBD001A1938 /* DataScanner.swift in Sources */ = {isa = PBXBuildFile; fileRef = E5A05FEE2A0B7DBD001A1938 /* DataScanner.swift */; };
		E5A05FF12A0B85B4001A1938 /* ImageAnalysisInteraction.swift in Sources */ = {isa = PBXBuildFile; fileRef = E5A05FF02A0B85B4001A1938 /* ImageAnalysisInteraction.swift */; };
		E5B0102C29C18A7100158390 /* RecognisingObjectsFromImagesApp.swift in Sources */ = {isa = PBXBuildFile; fileRef = E5B0102B29C18A7100158390 /* RecognisingObjectsFromImagesApp.swift */; };
		E5B0102E29C18A7100158390 /* ContentView.swift in Sources */ = {isa = PBXBuildFile; fileRef = E5B0102D29C18A7100158390 /* ContentView.swift */; };
		E5B0103029C18A7300158390 /* Assets.xcassets in Resources */ = {isa = PBXBuildFile; fileRef = E5B0102F29C18A7300158390 /* Assets.xcassets */; };
		E5B0103329C18A7300158390 /* Preview Assets.xcassets in Resources */ = {isa = PBXBuildFile; fileRef = E5B0103229C18A7300158390 /* Preview Assets.xcassets */; };
		E5B0103A29C18AD300158390 /* HomeView.swift in Sources */ = {isa = PBXBuildFile; fileRef = E5B0103929C18AD300158390 /* HomeView.swift */; };
		E5B0103D29C192AD00158390 /* PhotoLibrary.swift in Sources */ = {isa = PBXBuildFile; fileRef = E5B0103C29C192AD00158390 /* PhotoLibrary.swift */; };
		E5B0103F29C1979700158390 /* CameraView.swift in Sources */ = {isa = PBXBuildFile; fileRef = E5B0103E29C1979700158390 /* CameraView.swift */; };
		E5B0104229C1A79000158390 /* VisionView.swift in Sources */ = {isa = PBXBuildFile; fileRef = E5B0104129C1A79000158390 /* VisionView.swift */; };
		E5B0104429C1A8C100158390 /* VisionModel.swift in Sources */ = {isa = PBXBuildFile; fileRef = E5B0104329C1A8C100158390 /* VisionModel.swift */; };
		E5B0104829C1BA7E00158390 /* VisionKitView.swift in Sources */ = {isa = PBXBuildFile; fileRef = E5B0104729C1BA7E00158390 /* VisionKitView.swift */; };
		E5C686A929C2D264004A9259 /* ResultView.swift in Sources */ = {isa = PBXBuildFile; fileRef = E5C686A829C2D264004A9259 /* ResultView.swift */; };
		E5C686AB29C2DF79004A9259 /* WebView.swift in Sources */ = {isa = PBXBuildFile; fileRef = E5C686AA29C2DF79004A9259 /* WebView.swift */; };
/* End PBXBuildFile section */

/* Begin PBXFileReference section */
		E52D4C7F29C85E54008BF53F /* FaceDetectionView.swift */ = {isa = PBXFileReference; lastKnownFileType = sourcecode.swift; path = FaceDetectionView.swift; sourceTree = "<group>"; };
		E5A05FEE2A0B7DBD001A1938 /* DataScanner.swift */ = {isa = PBXFileReference; lastKnownFileType = sourcecode.swift; path = DataScanner.swift; sourceTree = "<group>"; };
		E5A05FF02A0B85B4001A1938 /* ImageAnalysisInteraction.swift */ = {isa = PBXFileReference; lastKnownFileType = sourcecode.swift; path = ImageAnalysisInteraction.swift; sourceTree = "<group>"; };
		E5B0102829C18A7100158390 /* RecognisingObjectsFromImages.app */ = {isa = PBXFileReference; explicitFileType = wrapper.application; includeInIndex = 0; path = RecognisingObjectsFromImages.app; sourceTree = BUILT_PRODUCTS_DIR; };
		E5B0102B29C18A7100158390 /* RecognisingObjectsFromImagesApp.swift */ = {isa = PBXFileReference; lastKnownFileType = sourcecode.swift; path = RecognisingObjectsFromImagesApp.swift; sourceTree = "<group>"; };
		E5B0102D29C18A7100158390 /* ContentView.swift */ = {isa = PBXFileReference; lastKnownFileType = sourcecode.swift; path = ContentView.swift; sourceTree = "<group>"; };
		E5B0102F29C18A7300158390 /* Assets.xcassets */ = {isa = PBXFileReference; lastKnownFileType = folder.assetcatalog; path = Assets.xcassets; sourceTree = "<group>"; };
		E5B0103229C18A7300158390 /* Preview Assets.xcassets */ = {isa = PBXFileReference; lastKnownFileType = folder.assetcatalog; path = "Preview Assets.xcassets"; sourceTree = "<group>"; };
		E5B0103929C18AD300158390 /* HomeView.swift */ = {isa = PBXFileReference; lastKnownFileType = sourcecode.swift; path = HomeView.swift; sourceTree = "<group>"; };
		E5B0103C29C192AD00158390 /* PhotoLibrary.swift */ = {isa = PBXFileReference; lastKnownFileType = sourcecode.swift; path = PhotoLibrary.swift; sourceTree = "<group>"; };
		E5B0103E29C1979700158390 /* CameraView.swift */ = {isa = PBXFileReference; lastKnownFileType = sourcecode.swift; path = CameraView.swift; sourceTree = "<group>"; };
		E5B0104129C1A79000158390 /* VisionView.swift */ = {isa = PBXFileReference; lastKnownFileType = sourcecode.swift; path = VisionView.swift; sourceTree = "<group>"; };
		E5B0104329C1A8C100158390 /* VisionModel.swift */ = {isa = PBXFileReference; lastKnownFileType = sourcecode.swift; path = VisionModel.swift; sourceTree = "<group>"; };
		E5B0104729C1BA7E00158390 /* VisionKitView.swift */ = {isa = PBXFileReference; lastKnownFileType = sourcecode.swift; path = VisionKitView.swift; sourceTree = "<group>"; };
		E5C686A829C2D264004A9259 /* ResultView.swift */ = {isa = PBXFileReference; lastKnownFileType = sourcecode.swift; path = ResultView.swift; sourceTree = "<group>"; };
		E5C686AA29C2DF79004A9259 /* WebView.swift */ = {isa = PBXFileReference; lastKnownFileType = sourcecode.swift; path = WebView.swift; sourceTree = "<group>"; };
/* End PBXFileReference section */

/* Begin PBXFrameworksBuildPhase section */
		E5B0102529C18A7100158390 /* Frameworks */ = {
			isa = PBXFrameworksBuildPhase;
			buildActionMask = 2147483647;
			files = (
			);
			runOnlyForDeploymentPostprocessing = 0;
		};
/* End PBXFrameworksBuildPhase section */

/* Begin PBXGroup section */
		E52D4C8129C861DE008BF53F /* Model */ = {
			isa = PBXGroup;
			children = (
				E5B0104329C1A8C100158390 /* VisionModel.swift */,
			);
			path = Model;
			sourceTree = "<group>";
		};
		E5B0101F29C18A7100158390 = {
			isa = PBXGroup;
			children = (
				E5B0102A29C18A7100158390 /* RecognisingObjectsFromImages */,
				E5B0102929C18A7100158390 /* Products */,
			);
			sourceTree = "<group>";
		};
		E5B0102929C18A7100158390 /* Products */ = {
			isa = PBXGroup;
			children = (
				E5B0102829C18A7100158390 /* RecognisingObjectsFromImages.app */,
			);
			name = Products;
			sourceTree = "<group>";
		};
		E5B0102A29C18A7100158390 /* RecognisingObjectsFromImages */ = {
			isa = PBXGroup;
			children = (
				E5B0102B29C18A7100158390 /* RecognisingObjectsFromImagesApp.swift */,
				E5B0102D29C18A7100158390 /* ContentView.swift */,
				E5B0103929C18AD300158390 /* HomeView.swift */,
				E5B0104029C1A69F00158390 /* Vision */,
				E5B0104629C1BA5D00158390 /* Visionkit */,
				E5B0103B29C1927F00158390 /* ImagePicker */,
				E5B0102F29C18A7300158390 /* Assets.xcassets */,
				E5B0103129C18A7300158390 /* Preview Content */,
			);
			path = RecognisingObjectsFromImages;
			sourceTree = "<group>";
		};
		E5B0103129C18A7300158390 /* Preview Content */ = {
			isa = PBXGroup;
			children = (
				E5B0103229C18A7300158390 /* Preview Assets.xcassets */,
			);
			path = "Preview Content";
			sourceTree = "<group>";
		};
		E5B0103B29C1927F00158390 /* ImagePicker */ = {
			isa = PBXGroup;
			children = (
				E5B0103C29C192AD00158390 /* PhotoLibrary.swift */,
				E5B0103E29C1979700158390 /* CameraView.swift */,
			);
			path = ImagePicker;
			sourceTree = "<group>";
		};
		E5B0104029C1A69F00158390 /* Vision */ = {
			isa = PBXGroup;
			children = (
				E5B0104129C1A79000158390 /* VisionView.swift */,
				E5C686A829C2D264004A9259 /* ResultView.swift */,
				E52D4C7F29C85E54008BF53F /* FaceDetectionView.swift */,
				E5C686AA29C2DF79004A9259 /* WebView.swift */,
				E52D4C8129C861DE008BF53F /* Model */,
			);
			path = Vision;
			sourceTree = "<group>";
		};
		E5B0104629C1BA5D00158390 /* Visionkit */ = {
			isa = PBXGroup;
			children = (
				E5B0104729C1BA7E00158390 /* VisionKitView.swift */,
				E5A05FEE2A0B7DBD001A1938 /* DataScanner.swift */,
				E5A05FF02A0B85B4001A1938 /* ImageAnalysisInteraction.swift */,
			);
			path = Visionkit;
			sourceTree = "<group>";
		};
/* End PBXGroup section */

/* Begin PBXNativeTarget section */
		E5B0102729C18A7100158390 /* RecognisingObjectsFromImages */ = {
			isa = PBXNativeTarget;
			buildConfigurationList = E5B0103629C18A7300158390 /* Build configuration list for PBXNativeTarget "RecognisingObjectsFromImages" */;
			buildPhases = (
				E5B0102429C18A7100158390 /* Sources */,
				E5B0102529C18A7100158390 /* Frameworks */,
				E5B0102629C18A7100158390 /* Resources */,
			);
			buildRules = (
			);
			dependencies = (
			);
			name = RecognisingObjectsFromImages;
			productName = RecognisingObjectsFromImages;
			productReference = E5B0102829C18A7100158390 /* RecognisingObjectsFromImages.app */;
			productType = "com.apple.product-type.application";
		};
/* End PBXNativeTarget section */

/* Begin PBXProject section */
		E5B0102029C18A7100158390 /* Project object */ = {
			isa = PBXProject;
			attributes = {
				BuildIndependentTargetsInParallel = 1;
				LastSwiftUpdateCheck = 1420;
				LastUpgradeCheck = 1420;
				TargetAttributes = {
					E5B0102729C18A7100158390 = {
						CreatedOnToolsVersion = 14.2;
					};
				};
			};
			buildConfigurationList = E5B0102329C18A7100158390 /* Build configuration list for PBXProject "RecognisingObjectsFromImages" */;
			compatibilityVersion = "Xcode 14.0";
			developmentRegion = en;
			hasScannedForEncodings = 0;
			knownRegions = (
				en,
				Base,
			);
			mainGroup = E5B0101F29C18A7100158390;
			productRefGroup = E5B0102929C18A7100158390 /* Products */;
			projectDirPath = "";
			projectRoot = "";
			targets = (
				E5B0102729C18A7100158390 /* RecognisingObjectsFromImages */,
			);
		};
/* End PBXProject section */

/* Begin PBXResourcesBuildPhase section */
		E5B0102629C18A7100158390 /* Resources */ = {
			isa = PBXResourcesBuildPhase;
			buildActionMask = 2147483647;
			files = (
				E5B0103329C18A7300158390 /* Preview Assets.xcassets in Resources */,
				E5B0103029C18A7300158390 /* Assets.xcassets in Resources */,
			);
			runOnlyForDeploymentPostprocessing = 0;
		};
/* End PBXResourcesBuildPhase section */

/* Begin PBXSourcesBuildPhase section */
		E5B0102429C18A7100158390 /* Sources */ = {
			isa = PBXSourcesBuildPhase;
			buildActionMask = 2147483647;
			files = (
				E5A05FEF2A0B7DBD001A1938 /* DataScanner.swift in Sources */,
				E5B0104229C1A79000158390 /* VisionView.swift in Sources */,
				E5C686AB29C2DF79004A9259 /* WebView.swift in Sources */,
				E52D4C8029C85E54008BF53F /* FaceDetectionView.swift in Sources */,
				E5B0104829C1BA7E00158390 /* VisionKitView.swift in Sources */,
				E5C686A929C2D264004A9259 /* ResultView.swift in Sources */,
				E5B0103D29C192AD00158390 /* PhotoLibrary.swift in Sources */,
				E5A05FF12A0B85B4001A1938 /* ImageAnalysisInteraction.swift in Sources */,
				E5B0102E29C18A7100158390 /* ContentView.swift in Sources */,
				E5B0102C29C18A7100158390 /* RecognisingObjectsFromImagesApp.swift in Sources */,
				E5B0104429C1A8C100158390 /* VisionModel.swift in Sources */,
				E5B0103F29C1979700158390 /* CameraView.swift in Sources */,
				E5B0103A29C18AD300158390 /* HomeView.swift in Sources */,
			);
			runOnlyForDeploymentPostprocessing = 0;
		};
/* End PBXSourcesBuildPhase section */

/* Begin XCBuildConfiguration section */
		E5B0103429C18A7300158390 /* Debug */ = {
			isa = XCBuildConfiguration;
			buildSettings = {
				ALWAYS_SEARCH_USER_PATHS = NO;
				CLANG_ANALYZER_NONNULL = YES;
				CLANG_ANALYZER_NUMBER_OBJECT_CONVERSION = YES_AGGRESSIVE;
				CLANG_CXX_LANGUAGE_STANDARD = "gnu++20";
				CLANG_ENABLE_MODULES = YES;
				CLANG_ENABLE_OBJC_ARC = YES;
				CLANG_ENABLE_OBJC_WEAK = YES;
				CLANG_WARN_BLOCK_CAPTURE_AUTORELEASING = YES;
				CLANG_WARN_BOOL_CONVERSION = YES;
				CLANG_WARN_COMMA = YES;
				CLANG_WARN_CONSTANT_CONVERSION = YES;
				CLANG_WARN_DEPRECATED_OBJC_IMPLEMENTATIONS = YES;
				CLANG_WARN_DIRECT_OBJC_ISA_USAGE = YES_ERROR;
				CLANG_WARN_DOCUMENTATION_COMMENTS = YES;
				CLANG_WARN_EMPTY_BODY = YES;
				CLANG_WARN_ENUM_CONVERSION = YES;
				CLANG_WARN_INFINITE_RECURSION = YES;
				CLANG_WARN_INT_CONVERSION = YES;
				CLANG_WARN_NON_LITERAL_NULL_CONVERSION = YES;
				CLANG_WARN_OBJC_IMPLICIT_RETAIN_SELF = YES;
				CLANG_WARN_OBJC_LITERAL_CONVERSION = YES;
				CLANG_WARN_OBJC_ROOT_CLASS = YES_ERROR;
				CLANG_WARN_QUOTED_INCLUDE_IN_FRAMEWORK_HEADER = YES;
				CLANG_WARN_RANGE_LOOP_ANALYSIS = YES;
				CLANG_WARN_STRICT_PROTOTYPES = YES;
				CLANG_WARN_SUSPICIOUS_MOVE = YES;
				CLANG_WARN_UNGUARDED_AVAILABILITY = YES_AGGRESSIVE;
				CLANG_WARN_UNREACHABLE_CODE = YES;
				CLANG_WARN__DUPLICATE_METHOD_MATCH = YES;
				COPY_PHASE_STRIP = NO;
				DEBUG_INFORMATION_FORMAT = dwarf;
				ENABLE_STRICT_OBJC_MSGSEND = YES;
				ENABLE_TESTABILITY = YES;
				GCC_C_LANGUAGE_STANDARD = gnu11;
				GCC_DYNAMIC_NO_PIC = NO;
				GCC_NO_COMMON_BLOCKS = YES;
				GCC_OPTIMIZATION_LEVEL = 0;
				GCC_PREPROCESSOR_DEFINITIONS = (
					"DEBUG=1",
					"$(inherited)",
				);
				GCC_WARN_64_TO_32_BIT_CONVERSION = YES;
				GCC_WARN_ABOUT_RETURN_TYPE = YES_ERROR;
				GCC_WARN_UNDECLARED_SELECTOR = YES;
				GCC_WARN_UNINITIALIZED_AUTOS = YES_AGGRESSIVE;
				GCC_WARN_UNUSED_FUNCTION = YES;
				GCC_WARN_UNUSED_VARIABLE = YES;
				IPHONEOS_DEPLOYMENT_TARGET = 16.2;
				MTL_ENABLE_DEBUG_INFO = INCLUDE_SOURCE;
				MTL_FAST_MATH = YES;
				ONLY_ACTIVE_ARCH = YES;
				SDKROOT = iphoneos;
				SWIFT_ACTIVE_COMPILATION_CONDITIONS = DEBUG;
				SWIFT_OPTIMIZATION_LEVEL = "-Onone";
			};
			name = Debug;
		};
		E5B0103529C18A7300158390 /* Release */ = {
			isa = XCBuildConfiguration;
			buildSettings = {
				ALWAYS_SEARCH_USER_PATHS = NO;
				CLANG_ANALYZER_NONNULL = YES;
				CLANG_ANALYZER_NUMBER_OBJECT_CONVERSION = YES_AGGRESSIVE;
				CLANG_CXX_LANGUAGE_STANDARD = "gnu++20";
				CLANG_ENABLE_MODULES = YES;
				CLANG_ENABLE_OBJC_ARC = YES;
				CLANG_ENABLE_OBJC_WEAK = YES;
				CLANG_WARN_BLOCK_CAPTURE_AUTORELEASING = YES;
				CLANG_WARN_BOOL_CONVERSION = YES;
				CLANG_WARN_COMMA = YES;
				CLANG_WARN_CONSTANT_CONVERSION = YES;
				CLANG_WARN_DEPRECATED_OBJC_IMPLEMENTATIONS = YES;
				CLANG_WARN_DIRECT_OBJC_ISA_USAGE = YES_ERROR;
				CLANG_WARN_DOCUMENTATION_COMMENTS = YES;
				CLANG_WARN_EMPTY_BODY = YES;
				CLANG_WARN_ENUM_CONVERSION = YES;
				CLANG_WARN_INFINITE_RECURSION = YES;
				CLANG_WARN_INT_CONVERSION = YES;
				CLANG_WARN_NON_LITERAL_NULL_CONVERSION = YES;
				CLANG_WARN_OBJC_IMPLICIT_RETAIN_SELF = YES;
				CLANG_WARN_OBJC_LITERAL_CONVERSION = YES;
				CLANG_WARN_OBJC_ROOT_CLASS = YES_ERROR;
				CLANG_WARN_QUOTED_INCLUDE_IN_FRAMEWORK_HEADER = YES;
				CLANG_WARN_RANGE_LOOP_ANALYSIS = YES;
				CLANG_WARN_STRICT_PROTOTYPES = YES;
				CLANG_WARN_SUSPICIOUS_MOVE = YES;
				CLANG_WARN_UNGUARDED_AVAILABILITY = YES_AGGRESSIVE;
				CLANG_WARN_UNREACHABLE_CODE = YES;
				CLANG_WARN__DUPLICATE_METHOD_MATCH = YES;
				COPY_PHASE_STRIP = NO;
				DEBUG_INFORMATION_FORMAT = "dwarf-with-dsym";
				ENABLE_NS_ASSERTIONS = NO;
				ENABLE_STRICT_OBJC_MSGSEND = YES;
				GCC_C_LANGUAGE_STANDARD = gnu11;
				GCC_NO_COMMON_BLOCKS = YES;
				GCC_WARN_64_TO_32_BIT_CONVERSION = YES;
				GCC_WARN_ABOUT_RETURN_TYPE = YES_ERROR;
				GCC_WARN_UNDECLARED_SELECTOR = YES;
				GCC_WARN_UNINITIALIZED_AUTOS = YES_AGGRESSIVE;
				GCC_WARN_UNUSED_FUNCTION = YES;
				GCC_WARN_UNUSED_VARIABLE = YES;
				IPHONEOS_DEPLOYMENT_TARGET = 16.2;
				MTL_ENABLE_DEBUG_INFO = NO;
				MTL_FAST_MATH = YES;
				SDKROOT = iphoneos;
				SWIFT_COMPILATION_MODE = wholemodule;
				SWIFT_OPTIMIZATION_LEVEL = "-O";
				VALIDATE_PRODUCT = YES;
			};
			name = Release;
		};
		E5B0103729C18A7300158390 /* Debug */ = {
			isa = XCBuildConfiguration;
			buildSettings = {
				ASSETCATALOG_COMPILER_APPICON_NAME = AppIcon;
				ASSETCATALOG_COMPILER_GLOBAL_ACCENT_COLOR_NAME = AccentColor;
				CODE_SIGN_STYLE = Automatic;
				CURRENT_PROJECT_VERSION = 1;
				DEVELOPMENT_ASSET_PATHS = "\"RecognisingObjectsFromImages/Preview Content\"";
				DEVELOPMENT_TEAM = VK4B283MSG;
				ENABLE_PREVIEWS = YES;
				GENERATE_INFOPLIST_FILE = YES;
				INFOPLIST_KEY_NSCameraUsageDescription = "このアプリでカメラを使用します。";
				INFOPLIST_KEY_UIApplicationSceneManifest_Generation = YES;
				INFOPLIST_KEY_UIApplicationSupportsIndirectInputEvents = YES;
				INFOPLIST_KEY_UILaunchScreen_Generation = YES;
				INFOPLIST_KEY_UISupportedInterfaceOrientations_iPad = "UIInterfaceOrientationPortrait UIInterfaceOrientationPortraitUpsideDown UIInterfaceOrientationLandscapeLeft UIInterfaceOrientationLandscapeRight";
				INFOPLIST_KEY_UISupportedInterfaceOrientations_iPhone = "UIInterfaceOrientationPortrait UIInterfaceOrientationLandscapeLeft UIInterfaceOrientationLandscapeRight";
				LD_RUNPATH_SEARCH_PATHS = (
					"$(inherited)",
					"@executable_path/Frameworks",
				);
				MARKETING_VERSION = 1.0;
				PRODUCT_BUNDLE_IDENTIFIER = jp.jec.ac.RecognisingObjectsFromImages;
				PRODUCT_NAME = "$(TARGET_NAME)";
				SWIFT_EMIT_LOC_STRINGS = YES;
				SWIFT_VERSION = 5.0;
				TARGETED_DEVICE_FAMILY = "1,2";
			};
			name = Debug;
		};
		E5B0103829C18A7300158390 /* Release */ = {
			isa = XCBuildConfiguration;
			buildSettings = {
				ASSETCATALOG_COMPILER_APPICON_NAME = AppIcon;
				ASSETCATALOG_COMPILER_GLOBAL_ACCENT_COLOR_NAME = AccentColor;
				CODE_SIGN_STYLE = Automatic;
				CURRENT_PROJECT_VERSION = 1;
				DEVELOPMENT_ASSET_PATHS = "\"RecognisingObjectsFromImages/Preview Content\"";
				DEVELOPMENT_TEAM = VK4B283MSG;
				ENABLE_PREVIEWS = YES;
				GENERATE_INFOPLIST_FILE = YES;
				INFOPLIST_KEY_NSCameraUsageDescription = "このアプリでカメラを使用します。";
				INFOPLIST_KEY_UIApplicationSceneManifest_Generation = YES;
				INFOPLIST_KEY_UIApplicationSupportsIndirectInputEvents = YES;
				INFOPLIST_KEY_UILaunchScreen_Generation = YES;
				INFOPLIST_KEY_UISupportedInterfaceOrientations_iPad = "UIInterfaceOrientationPortrait UIInterfaceOrientationPortraitUpsideDown UIInterfaceOrientationLandscapeLeft UIInterfaceOrientationLandscapeRight";
				INFOPLIST_KEY_UISupportedInterfaceOrientations_iPhone = "UIInterfaceOrientationPortrait UIInterfaceOrientationLandscapeLeft UIInterfaceOrientationLandscapeRight";
				LD_RUNPATH_SEARCH_PATHS = (
					"$(inherited)",
					"@executable_path/Frameworks",
				);
				MARKETING_VERSION = 1.0;
				PRODUCT_BUNDLE_IDENTIFIER = jp.jec.ac.RecognisingObjectsFromImages;
				PRODUCT_NAME = "$(TARGET_NAME)";
				SWIFT_EMIT_LOC_STRINGS = YES;
				SWIFT_VERSION = 5.0;
				TARGETED_DEVICE_FAMILY = "1,2";
			};
			name = Release;
		};
/* End XCBuildConfiguration section */

/* Begin XCConfigurationList section */
		E5B0102329C18A7100158390 /* Build configuration list for PBXProject "RecognisingObjectsFromImages" */ = {
			isa = XCConfigurationList;
			buildConfigurations = (
				E5B0103429C18A7300158390 /* Debug */,
				E5B0103529C18A7300158390 /* Release */,
			);
			defaultConfigurationIsVisible = 0;
			defaultConfigurationName = Release;
		};
		E5B0103629C18A7300158390 /* Build configuration list for PBXNativeTarget "RecognisingObjectsFromImages" */ = {
			isa = XCConfigurationList;
			buildConfigurations = (
				E5B0103729C18A7300158390 /* Debug */,
				E5B0103829C18A7300158390 /* Release */,
			);
			defaultConfigurationIsVisible = 0;
			defaultConfigurationName = Release;
		};
/* End XCConfigurationList section */
	};
	rootObject = E5B0102029C18A7100158390 /* Project object */;
}
